
Microsoft Visual Studio Solution File, Format Version 12.00
# Visual Studio Version 16
VisualStudioVersion = 16.0.31129.286
MinimumVisualStudioVersion = 10.0.40219.1
Project("{9A19103F-16F7-4668-BE54-9A1E7A4F7556}") = "Lesson1HW1a", "Lesson1HW1a.csproj", "{C0AF49CF-BE02-4F21-BEF9-3B25E27965B9}"
EndProject
Project("{9A19103F-16F7-4668-BE54-9A1E7A4F7556}") = "Lesson1HW1b", "..\Lesson1. HW1b\Lesson1HW1b.csproj", "{722A1488-57E0-4D4B-82E3-A25733825D9B}"
EndProject
Project("{FAE04EC0-301F-11D3-BF4B-00C04F79EFBC}") = "Lesson1HW1c", "..\Lesson1. HW1c\Lesson1HW1c.csproj", "{C32593F0-C1F9-4923-909D-5B639B94C4CB}"
EndProject
Project("{FAE04EC0-301F-11D3-BF4B-00C04F79EFBC}") = "Lesson1HW2", "..\Lesson1. HW2\Lesson1HW2.csproj", "{40DD228F-A1F5-42C7-BA41-B7BD42BF4611}"
EndProject
Project("{FAE04EC0-301F-11D3-BF4B-00C04F79EFBC}") = "Lesson1HW3a", "..\Lesson1. HW3a\Lesson1HW3a.csproj", "{1AACCA29-C2BD-40B4-9C01-2BD99CE03455}"
EndProject
Project("{FAE04EC0-301F-11D3-BF4B-00C04F79EFBC}") = "Lesson1HW3b", "..\Lesson1. HW3b\Lesson1HW3b.csproj", "{B4733F8B-EBA5-41D8-9A9A-E5A851C9D6BD}"
EndProject
Project("{FAE04EC0-301F-11D3-BF4B-00C04F79EFBC}") = "Lesson1HW4a", "..\Lesson1. HW4a\Lesson1HW4a.csproj", "{C430116C-ED06-461E-8B2F-1C33717A24CC}"
EndProject
Project("{FAE04EC0-301F-11D3-BF4B-00C04F79EFBC}") = "Lesson1HW4b", "..\Lesson1. HW4b\Lesson1HW4b.csproj", "{B4D0C49E-FC52-48F3-BE9C-F0550942BDC0}"
EndProject
Project("{FAE04EC0-301F-11D3-BF4B-00C04F79EFBC}") = "Lesson1HW5a", "..\Lesson1HW5a\Lesson1HW5a.csproj", "{18B2A561-5F42-4F0E-A4A0-7099D95E0932}"
EndProject
Project("{FAE04EC0-301F-11D3-BF4B-00C04F79EFBC}") = "Lesson1HW5b", "..\Lesson1HW5b\Lesson1HW5b.csproj", "{55B8D9CD-2E9A-4977-89B2-FE5F9BF326B0}"
EndProject
Project("{FAE04EC0-301F-11D3-BF4B-00C04F79EFBC}") = "Lesson1HW5c", "..\Lesson1HW5c\Lesson1HW5c.csproj", "{F2A89A42-07A9-4EE3-945A-1C4687FC9D6A}"
EndProject
Global
	GlobalSection(SolutionConfigurationPlatforms) = preSolution
		Debug|Any CPU = Debug|Any CPU
		Release|Any CPU = Release|Any CPU
	EndGlobalSection
	GlobalSection(ProjectConfigurationPlatforms) = postSolution
		{C0AF49CF-BE02-4F21-BEF9-3B25E27965B9}.Debug|Any CPU.ActiveCfg = Debug|Any CPU
		{C0AF49CF-BE02-4F21-BEF9-3B25E27965B9}.Debug|Any CPU.Build.0 = Debug|Any CPU
		{C0AF49CF-BE02-4F21-BEF9-3B25E27965B9}.Release|Any CPU.ActiveCfg = Release|Any CPU
		{C0AF49CF-BE02-4F21-BEF9-3B25E27965B9}.Release|Any CPU.Build.0 = Release|Any CPU
		{722A1488-57E0-4D4B-82E3-A25733825D9B}.Debug|Any CPU.ActiveCfg = Debug|Any CPU
		{722A1488-57E0-4D4B-82E3-A25733825D9B}.Debug|Any CPU.Build.0 = Debug|Any CPU
		{722A1488-57E0-4D4B-82E3-A25733825D9B}.Release|Any CPU.ActiveCfg = Release|Any CPU
		{722A1488-57E0-4D4B-82E3-A25733825D9B}.Release|Any CPU.Build.0 = Release|Any CPU
		{C32593F0-C1F9-4923-909D-5B639B94C4CB}.Debug|Any CPU.ActiveCfg = Debug|Any CPU
		{C32593F0-C1F9-4923-909D-5B639B94C4CB}.Debug|Any CPU.Build.0 = Debug|Any CPU
		{C32593F0-C1F9-4923-909D-5B639B94C4CB}.Release|Any CPU.ActiveCfg = Release|Any CPU
		{C32593F0-C1F9-4923-909D-5B639B94C4CB}.Release|Any CPU.Build.0 = Release|Any CPU
		{40DD228F-A1F5-42C7-BA41-B7BD42BF4611}.Debug|Any CPU.ActiveCfg = Debug|Any CPU
		{40DD228F-A1F5-42C7-BA41-B7BD42BF4611}.Debug|Any CPU.Build.0 = Debug|Any CPU
		{40DD228F-A1F5-42C7-BA41-B7BD42BF4611}.Release|Any CPU.ActiveCfg = Release|Any CPU
		{40DD228F-A1F5-42C7-BA41-B7BD42BF4611}.Release|Any CPU.Build.0 = Release|Any CPU
		{1AACCA29-C2BD-40B4-9C01-2BD99CE03455}.Debug|Any CPU.ActiveCfg = Debug|Any CPU
		{1AACCA29-C2BD-40B4-9C01-2BD99CE03455}.Debug|Any CPU.Build.0 = Debug|Any CPU
		{1AACCA29-C2BD-40B4-9C01-2BD99CE03455}.Release|Any CPU.ActiveCfg = Release|Any CPU
		{1AACCA29-C2BD-40B4-9C01-2BD99CE03455}.Release|Any CPU.Build.0 = Release|Any CPU
		{B4733F8B-EBA5-41D8-9A9A-E5A851C9D6BD}.Debug|Any CPU.ActiveCfg = Debug|Any CPU
		{B4733F8B-EBA5-41D8-9A9A-E5A851C9D6BD}.Debug|Any CPU.Build.0 = Debug|Any CPU
		{B4733F8B-EBA5-41D8-9A9A-E5A851C9D6BD}.Release|Any CPU.ActiveCfg = Release|Any CPU
		{B4733F8B-EBA5-41D8-9A9A-E5A851C9D6BD}.Release|Any CPU.Build.0 = Release|Any CPU
		{C430116C-ED06-461E-8B2F-1C33717A24CC}.Debug|Any CPU.ActiveCfg = Debug|Any CPU
		{C430116C-ED06-461E-8B2F-1C33717A24CC}.Debug|Any CPU.Build.0 = Debug|Any CPU
		{C430116C-ED06-461E-8B2F-1C33717A24CC}.Release|Any CPU.ActiveCfg = Release|Any CPU
		{C430116C-ED06-461E-8B2F-1C33717A24CC}.Release|Any CPU.Build.0 = Release|Any CPU
		{B4D0C49E-FC52-48F3-BE9C-F0550942BDC0}.Debug|Any CPU.ActiveCfg = Debug|Any CPU
		{B4D0C49E-FC52-48F3-BE9C-F0550942BDC0}.Debug|Any CPU.Build.0 = Debug|Any CPU
		{B4D0C49E-FC52-48F3-BE9C-F0550942BDC0}.Release|Any CPU.ActiveCfg = Release|Any CPU
		{B4D0C49E-FC52-48F3-BE9C-F0550942BDC0}.Release|Any CPU.Build.0 = Release|Any CPU
		{18B2A561-5F42-4F0E-A4A0-7099D95E0932}.Debug|Any CPU.ActiveCfg = Debug|Any CPU
		{18B2A561-5F42-4F0E-A4A0-7099D95E0932}.Debug|Any CPU.Build.0 = Debug|Any CPU
		{18B2A561-5F42-4F0E-A4A0-7099D95E0932}.Release|Any CPU.ActiveCfg = Release|Any CPU
		{18B2A561-5F42-4F0E-A4A0-7099D95E0932}.Release|Any CPU.Build.0 = Release|Any CPU
		{55B8D9CD-2E9A-4977-89B2-FE5F9BF326B0}.Debug|Any CPU.ActiveCfg = Debug|Any CPU
		{55B8D9CD-2E9A-4977-89B2-FE5F9BF326B0}.Debug|Any CPU.Build.0 = Debug|Any CPU
		{55B8D9CD-2E9A-4977-89B2-FE5F9BF326B0}.Release|Any CPU.ActiveCfg = Release|Any CPU
		{55B8D9CD-2E9A-4977-89B2-FE5F9BF326B0}.Release|Any CPU.Build.0 = Release|Any CPU
		{F2A89A42-07A9-4EE3-945A-1C4687FC9D6A}.Debug|Any CPU.ActiveCfg = Debug|Any CPU
		{F2A89A42-07A9-4EE3-945A-1C4687FC9D6A}.Debug|Any CPU.Build.0 = Debug|Any CPU
		{F2A89A42-07A9-4EE3-945A-1C4687FC9D6A}.Release|Any CPU.ActiveCfg = Release|Any CPU
		{F2A89A42-07A9-4EE3-945A-1C4687FC9D6A}.Release|Any CPU.Build.0 = Release|Any CPU
	EndGlobalSection
	GlobalSection(SolutionProperties) = preSolution
		HideSolutionNode = FALSE
	EndGlobalSection
	GlobalSection(ExtensibilityGlobals) = postSolution
		SolutionGuid = {AF192EA0-B519-4FAC-935F-D4373003D609}
	EndGlobalSection
EndGlobal
