
Microsoft Visual Studio Solution File, Format Version 12.00
# Visual Studio Version 16
VisualStudioVersion = 16.0.31129.286
MinimumVisualStudioVersion = 10.0.40219.1
Project("{9A19103F-16F7-4668-BE54-9A1E7A4F7556}") = "Lesson1. HW1b", "Lesson1. HW1b.csproj", "{82E5BE57-0BCC-47B3-B516-7BD444A2F183}"
EndProject
Global
	GlobalSection(SolutionConfigurationPlatforms) = preSolution
		Debug|Any CPU = Debug|Any CPU
		Release|Any CPU = Release|Any CPU
	EndGlobalSection
	GlobalSection(ProjectConfigurationPlatforms) = postSolution
		{82E5BE57-0BCC-47B3-B516-7BD444A2F183}.Debug|Any CPU.ActiveCfg = Debug|Any CPU
		{82E5BE57-0BCC-47B3-B516-7BD444A2F183}.Debug|Any CPU.Build.0 = Debug|Any CPU
		{82E5BE57-0BCC-47B3-B516-7BD444A2F183}.Release|Any CPU.ActiveCfg = Release|Any CPU
		{82E5BE57-0BCC-47B3-B516-7BD444A2F183}.Release|Any CPU.Build.0 = Release|Any CPU
	EndGlobalSection
	GlobalSection(SolutionProperties) = preSolution
		HideSolutionNode = FALSE
	EndGlobalSection
	GlobalSection(ExtensibilityGlobals) = postSolution
		SolutionGuid = {D3B84635-9A28-441B-9C56-41F054E9A526}
	EndGlobalSection
EndGlobal
